
Microsoft Visual Studio Solution File, Format Version 12.00
# Visual Studio Version 16
VisualStudioVersion = 16.0.31624.102
MinimumVisualStudioVersion = 10.0.40219.1
Project("{FAE04EC0-301F-11D3-BF4B-00C04F79EFBC}") = "DemoCrud", "DemoCrud.csproj", "{46B49187-4365-451E-AC18-4A80B8242FEB}"
EndProject
Global
	GlobalSection(SolutionConfigurationPlatforms) = preSolution
		Debug|Any CPU = Debug|Any CPU
		Release|Any CPU = Release|Any CPU
	EndGlobalSection
	GlobalSection(ProjectConfigurationPlatforms) = postSolution
		{46B49187-4365-451E-AC18-4A80B8242FEB}.Debug|Any CPU.ActiveCfg = Debug|Any CPU
		{46B49187-4365-451E-AC18-4A80B8242FEB}.Debug|Any CPU.Build.0 = Debug|Any CPU
		{46B49187-4365-451E-AC18-4A80B8242FEB}.Release|Any CPU.ActiveCfg = Release|Any CPU
		{46B49187-4365-451E-AC18-4A80B8242FEB}.Release|Any CPU.Build.0 = Release|Any CPU
	EndGlobalSection
	GlobalSection(SolutionProperties) = preSolution
		HideSolutionNode = FALSE
	EndGlobalSection
	GlobalSection(ExtensibilityGlobals) = postSolution
		SolutionGuid = {1F9C0F6A-43B6-40C2-A66F-869830DFCD1A}
	EndGlobalSection
EndGlobal
